<?xml version="1.0" encoding="UTF-8"?>
<Scheme
   LastUpgradeVersion = "1430"
   version = "1.7">
   <BuildAction
      parallelizeBuildables = "YES"
      buildImplicitDependencies = "YES"
      runPostActionsOnFailure = "NO">
      <BuildActionEntries>
         <BuildActionEntry
            buildForTesting = "YES"
            buildForRunning = "YES"
            buildForProfiling = "YES"
            buildForArchiving = "YES"
            buildForAnalyzing = "YES">
            <BuildableReference
               BuildableIdentifier = "primary"
               BlueprintIdentifier = "4204B045AB0FCED2D70B74DD"
               BuildableName = "dbxWearablesApp.app"
               BlueprintName = "dbxWearablesApp"
               ReferencedContainer = "container:dbxWearablesApp.xcodeproj">
            </BuildableReference>
         </BuildActionEntry>
      </BuildActionEntries>
   </BuildAction>
   <TestAction
      buildConfiguration = "Debug"
      selectedDebuggerIdentifier = "Xcode.DebuggerFoundation.Debugger.LLDB"
      selectedLauncherIdentifier = "Xcode.DebuggerFoundation.Launcher.LLDB"
      shouldUseLaunchSchemeArgsEnv = "NO"
      codeCoverageEnabled = "YES"
      onlyGenerateCoverageForSpecifiedTargets = "NO">
      <MacroExpansion>
         <BuildableReference
            BuildableIdentifier = "primary"
            BlueprintIdentifier = "4204B045AB0FCED2D70B74DD"
            BuildableName = "dbxWearablesApp.app"
            BlueprintName = "dbxWearablesApp"
            ReferencedContainer = "container:dbxWearablesApp.xcodeproj">
         </BuildableReference>
      </MacroExpansion>
      <Testables>
         <TestableReference
            skipped = "NO"
            parallelizable = "NO">
            <BuildableReference
               BuildableIdentifier = "primary"
               BlueprintIdentifier = "B2727529B4A5C513C6AA74C1"
               BuildableName = "healthKitTests.xctest"
               BlueprintName = "healthKitTests"
               ReferencedContainer = "container:dbxWearablesApp.xcodeproj">
            </BuildableReference>
         </TestableReference>
         <TestableReference
            skipped = "NO"
            parallelizable = "NO">
            <BuildableReference
               BuildableIdentifier = "primary"
               BlueprintIdentifier = "FC817A8613B2174D3C8E0ADC"
               BuildableName = "healthKitUITests.xctest"
               BlueprintName = "healthKitUITests"
               ReferencedContainer = "container:dbxWearablesApp.xcodeproj">
            </BuildableReference>
         </TestableReference>
      </Testables>
      <CommandLineArguments>
      </CommandLineArguments>
      <EnvironmentVariables>
         <EnvironmentVariable
            key = "DBX_API_BASE_URL"
            value = ""
            isEnabled = "YES">
         </EnvironmentVariable>
      </EnvironmentVariables>
   </TestAction>
   <LaunchAction
      buildConfiguration = "Debug"
      selectedDebuggerIdentifier = "Xcode.DebuggerFoundation.Debugger.LLDB"
      selectedLauncherIdentifier = "Xcode.DebuggerFoundation.Launcher.LLDB"
      launchStyle = "0"
      useCustomWorkingDirectory = "NO"
      ignoresPersistentStateOnLaunch = "NO"
      debugDocumentVersioning = "YES"
      debugServiceExtension = "internal"
      allowLocationSimulation = "YES">
      <BuildableProductRunnable
         runnableDebuggingMode = "0">
         <BuildableReference
            BuildableIdentifier = "primary"
            BlueprintIdentifier = "4204B045AB0FCED2D70B74DD"
            BuildableName = "dbxWearablesApp.app"
            BlueprintName = "dbxWearablesApp"
            ReferencedContainer = "container:dbxWearablesApp.xcodeproj">
         </BuildableReference>
      </BuildableProductRunnable>
      <CommandLineArguments>
      </CommandLineArguments>
      <EnvironmentVariables>
         <EnvironmentVariable
            key = "DBX_API_BASE_URL"
            value = ""
            isEnabled = "YES">
         </EnvironmentVariable>
      </EnvironmentVariables>
   </LaunchAction>
   <ProfileAction
      buildConfiguration = "Release"
      shouldUseLaunchSchemeArgsEnv = "NO"
      savedToolIdentifier = ""
      useCustomWorkingDirectory = "NO"
      debugDocumentVersioning = "YES">
      <BuildableProductRunnable
         runnableDebuggingMode = "0">
         <BuildableReference
            BuildableIdentifier = "primary"
            BlueprintIdentifier = "4204B045AB0FCED2D70B74DD"
            BuildableName = "dbxWearablesApp.app"
            BlueprintName = "dbxWearablesApp"
            ReferencedContainer = "container:dbxWearablesApp.xcodeproj">
         </BuildableReference>
      </BuildableProductRunnable>
      <CommandLineArguments>
      </CommandLineArguments>
      <EnvironmentVariables>
         <EnvironmentVariable
            key = "DBX_API_BASE_URL"
            value = ""
            isEnabled = "YES">
         </EnvironmentVariable>
      </EnvironmentVariables>
   </ProfileAction>
   <AnalyzeAction
      buildConfiguration = "Debug">
   </AnalyzeAction>
   <ArchiveAction
      buildConfiguration = "Release"
      revealArchiveInOrganizer = "YES">
   </ArchiveAction>
</Scheme>
